
Microsoft Visual Studio Solution File, Format Version 12.00
# Visual Studio Version 17
VisualStudioVersion = 17.3.32901.215
MinimumVisualStudioVersion = 10.0.40219.1
Project("{FAE04EC0-301F-11D3-BF4B-00C04F79EFBC}") = "csharp-banca-oop", "csharp-banca-oop.csproj", "{CBDC8DB6-D766-434D-BF0C-DC15DA3B7864}"
EndProject
Global
	GlobalSection(SolutionConfigurationPlatforms) = preSolution
		Debug|Any CPU = Debug|Any CPU
		Release|Any CPU = Release|Any CPU
	EndGlobalSection
	GlobalSection(ProjectConfigurationPlatforms) = postSolution
		{CBDC8DB6-D766-434D-BF0C-DC15DA3B7864}.Debug|Any CPU.ActiveCfg = Debug|Any CPU
		{CBDC8DB6-D766-434D-BF0C-DC15DA3B7864}.Debug|Any CPU.Build.0 = Debug|Any CPU
		{CBDC8DB6-D766-434D-BF0C-DC15DA3B7864}.Release|Any CPU.ActiveCfg = Release|Any CPU
		{CBDC8DB6-D766-434D-BF0C-DC15DA3B7864}.Release|Any CPU.Build.0 = Release|Any CPU
	EndGlobalSection
	GlobalSection(SolutionProperties) = preSolution
		HideSolutionNode = FALSE
	EndGlobalSection
	GlobalSection(ExtensibilityGlobals) = postSolution
		SolutionGuid = {EC47C7BD-FD95-4C6F-8CAC-ED1E5B2276FE}
	EndGlobalSection
EndGlobal
